<Solution>
  <Folder Name="/src/">
    <Project Path="src/ContosoInsurance.Api/ContosoInsurance.Api.csproj" />
    <Project Path="src/ContosoInsurance.AppHost/ContosoInsurance.AppHost.csproj" />
    <Project Path="src/ContosoInsurance.BackendApi/ContosoInsurance.BackendApi.csproj" />
    <Project Path="src/ContosoInsurance.BackendPortal/ContosoInsurance.BackendPortal.csproj" />
    <Project Path="src/ContosoInsurance.Data/ContosoInsurance.Data.csproj" />
    <Project Path="src/ContosoInsurance.Messaging.Contracts/ContosoInsurance.Messaging.Contracts.csproj" />
    <Project Path="src/ContosoInsurance.ServiceDefaults/ContosoInsurance.ServiceDefaults.csproj" />
    <Project Path="src/ContosoInsurance.Web/ContosoInsurance.Web.csproj" />
    <Project Path="src/ContosoInsurance.Worker.Claims/ContosoInsurance.Worker.Claims.csproj" />
    <Project Path="src/ContosoInsurance.Worker.Projections/ContosoInsurance.Worker.Projections.csproj" />
    <Project Path="src/ContosoInsurance.Worker.Quotes/ContosoInsurance.Worker.Quotes.csproj" />
    <Project Path="src/ContosoInsurance.Worker/ContosoInsurance.Worker.csproj" />
  </Folder>
  <Folder Name="/tests/">
    <Project Path="tests/ContosoInsurance.Api.Tests/ContosoInsurance.Api.Tests.csproj" />
    <Project Path="tests/ContosoInsurance.AppHost.Tests/ContosoInsurance.AppHost.Tests.csproj" />
    <Project Path="tests/ContosoInsurance.Data.Tests/ContosoInsurance.Data.Tests.csproj" />
    <Project Path="tests/ContosoInsurance.Web.Tests/ContosoInsurance.Web.Tests.csproj" />
    <Project Path="tests/ContosoInsurance.Worker.Tests/ContosoInsurance.Worker.Tests.csproj" />
  </Folder>
</Solution>
